
Microsoft Visual Studio Solution File, Format Version 12.00
# Visual Studio Version 16
VisualStudioVersion = 16.0.29806.167
MinimumVisualStudioVersion = 15.0.26124.0
Project("{FAE04EC0-301F-11D3-BF4B-00C04F79EFBC}") = "Send", "Send\Send.csproj", "{873741DF-7EF7-4C5B-AC75-23DAF594D1DA}"
EndProject
Project("{FAE04EC0-301F-11D3-BF4B-00C04F79EFBC}") = "Receive", "Receive\Receive.csproj", "{DE02D3D5-298F-4757-880B-1224ECFD54CA}"
EndProject
Project("{FAE04EC0-301F-11D3-BF4B-00C04F79EFBC}") = "NewTask", "NewTask\NewTask.csproj", "{C0291362-C2FF-479D-B49E-C9EA00BC49F5}"
EndProject
Project("{FAE04EC0-301F-11D3-BF4B-00C04F79EFBC}") = "Worker", "Worker\Worker.csproj", "{01C69AF3-181F-4F82-8F43-9E6105A94476}"
EndProject
Global
	GlobalSection(SolutionConfigurationPlatforms) = preSolution
		Debug|Any CPU = Debug|Any CPU
		Debug|x64 = Debug|x64
		Debug|x86 = Debug|x86
		Release|Any CPU = Release|Any CPU
		Release|x64 = Release|x64
		Release|x86 = Release|x86
	EndGlobalSection
	GlobalSection(ProjectConfigurationPlatforms) = postSolution
		{873741DF-7EF7-4C5B-AC75-23DAF594D1DA}.Debug|Any CPU.ActiveCfg = Debug|Any CPU
		{873741DF-7EF7-4C5B-AC75-23DAF594D1DA}.Debug|Any CPU.Build.0 = Debug|Any CPU
		{873741DF-7EF7-4C5B-AC75-23DAF594D1DA}.Debug|x64.ActiveCfg = Debug|Any CPU
		{873741DF-7EF7-4C5B-AC75-23DAF594D1DA}.Debug|x64.Build.0 = Debug|Any CPU
		{873741DF-7EF7-4C5B-AC75-23DAF594D1DA}.Debug|x86.ActiveCfg = Debug|Any CPU
		{873741DF-7EF7-4C5B-AC75-23DAF594D1DA}.Debug|x86.Build.0 = Debug|Any CPU
		{873741DF-7EF7-4C5B-AC75-23DAF594D1DA}.Release|Any CPU.ActiveCfg = Release|Any CPU
		{873741DF-7EF7-4C5B-AC75-23DAF594D1DA}.Release|Any CPU.Build.0 = Release|Any CPU
		{873741DF-7EF7-4C5B-AC75-23DAF594D1DA}.Release|x64.ActiveCfg = Release|Any CPU
		{873741DF-7EF7-4C5B-AC75-23DAF594D1DA}.Release|x64.Build.0 = Release|Any CPU
		{873741DF-7EF7-4C5B-AC75-23DAF594D1DA}.Release|x86.ActiveCfg = Release|Any CPU
		{873741DF-7EF7-4C5B-AC75-23DAF594D1DA}.Release|x86.Build.0 = Release|Any CPU
		{DE02D3D5-298F-4757-880B-1224ECFD54CA}.Debug|Any CPU.ActiveCfg = Debug|Any CPU
		{DE02D3D5-298F-4757-880B-1224ECFD54CA}.Debug|Any CPU.Build.0 = Debug|Any CPU
		{DE02D3D5-298F-4757-880B-1224ECFD54CA}.Debug|x64.ActiveCfg = Debug|Any CPU
		{DE02D3D5-298F-4757-880B-1224ECFD54CA}.Debug|x64.Build.0 = Debug|Any CPU
		{DE02D3D5-298F-4757-880B-1224ECFD54CA}.Debug|x86.ActiveCfg = Debug|Any CPU
		{DE02D3D5-298F-4757-880B-1224ECFD54CA}.Debug|x86.Build.0 = Debug|Any CPU
		{DE02D3D5-298F-4757-880B-1224ECFD54CA}.Release|Any CPU.ActiveCfg = Release|Any CPU
		{DE02D3D5-298F-4757-880B-1224ECFD54CA}.Release|Any CPU.Build.0 = Release|Any CPU
		{DE02D3D5-298F-4757-880B-1224ECFD54CA}.Release|x64.ActiveCfg = Release|Any CPU
		{DE02D3D5-298F-4757-880B-1224ECFD54CA}.Release|x64.Build.0 = Release|Any CPU
		{DE02D3D5-298F-4757-880B-1224ECFD54CA}.Release|x86.ActiveCfg = Release|Any CPU
		{DE02D3D5-298F-4757-880B-1224ECFD54CA}.Release|x86.Build.0 = Release|Any CPU
		{C0291362-C2FF-479D-B49E-C9EA00BC49F5}.Debug|Any CPU.ActiveCfg = Debug|Any CPU
		{C0291362-C2FF-479D-B49E-C9EA00BC49F5}.Debug|Any CPU.Build.0 = Debug|Any CPU
		{C0291362-C2FF-479D-B49E-C9EA00BC49F5}.Debug|x64.ActiveCfg = Debug|Any CPU
		{C0291362-C2FF-479D-B49E-C9EA00BC49F5}.Debug|x64.Build.0 = Debug|Any CPU
		{C0291362-C2FF-479D-B49E-C9EA00BC49F5}.Debug|x86.ActiveCfg = Debug|Any CPU
		{C0291362-C2FF-479D-B49E-C9EA00BC49F5}.Debug|x86.Build.0 = Debug|Any CPU
		{C0291362-C2FF-479D-B49E-C9EA00BC49F5}.Release|Any CPU.ActiveCfg = Release|Any CPU
		{C0291362-C2FF-479D-B49E-C9EA00BC49F5}.Release|Any CPU.Build.0 = Release|Any CPU
		{C0291362-C2FF-479D-B49E-C9EA00BC49F5}.Release|x64.ActiveCfg = Release|Any CPU
		{C0291362-C2FF-479D-B49E-C9EA00BC49F5}.Release|x64.Build.0 = Release|Any CPU
		{C0291362-C2FF-479D-B49E-C9EA00BC49F5}.Release|x86.ActiveCfg = Release|Any CPU
		{C0291362-C2FF-479D-B49E-C9EA00BC49F5}.Release|x86.Build.0 = Release|Any CPU
		{01C69AF3-181F-4F82-8F43-9E6105A94476}.Debug|Any CPU.ActiveCfg = Debug|Any CPU
		{01C69AF3-181F-4F82-8F43-9E6105A94476}.Debug|Any CPU.Build.0 = Debug|Any CPU
		{01C69AF3-181F-4F82-8F43-9E6105A94476}.Debug|x64.ActiveCfg = Debug|Any CPU
		{01C69AF3-181F-4F82-8F43-9E6105A94476}.Debug|x64.Build.0 = Debug|Any CPU
		{01C69AF3-181F-4F82-8F43-9E6105A94476}.Debug|x86.ActiveCfg = Debug|Any CPU
		{01C69AF3-181F-4F82-8F43-9E6105A94476}.Debug|x86.Build.0 = Debug|Any CPU
		{01C69AF3-181F-4F82-8F43-9E6105A94476}.Release|Any CPU.ActiveCfg = Release|Any CPU
		{01C69AF3-181F-4F82-8F43-9E6105A94476}.Release|Any CPU.Build.0 = Release|Any CPU
		{01C69AF3-181F-4F82-8F43-9E6105A94476}.Release|x64.ActiveCfg = Release|Any CPU
		{01C69AF3-181F-4F82-8F43-9E6105A94476}.Release|x64.Build.0 = Release|Any CPU
		{01C69AF3-181F-4F82-8F43-9E6105A94476}.Release|x86.ActiveCfg = Release|Any CPU
		{01C69AF3-181F-4F82-8F43-9E6105A94476}.Release|x86.Build.0 = Release|Any CPU
	EndGlobalSection
	GlobalSection(SolutionProperties) = preSolution
		HideSolutionNode = FALSE
	EndGlobalSection
	GlobalSection(ExtensibilityGlobals) = postSolution
		SolutionGuid = {EEA80B80-479F-4BEE-8C14-7D227BC1A6EE}
	EndGlobalSection
EndGlobal
